
Microsoft Visual Studio Solution File, Format Version 12.00
# Visual Studio 15
Project("{FAE04EC0-301F-11D3-BF4B-00C04F79EFBC}") = "Assembly-CSharp", "Assembly-CSharp.csproj", "{223D06E1-4908-B27C-1C12-981E0E1F69FD}"
EndProject
Project("{FAE04EC0-301F-11D3-BF4B-00C04F79EFBC}") = "Assembly-CSharp-Editor", "Assembly-CSharp-Editor.csproj", "{033616F1-DE27-A860-9450-6B2613EDFEB2}"
EndProject
Global
	GlobalSection(SolutionConfigurationPlatforms) = preSolution
		Debug|Any CPU = Debug|Any CPU
		Release|Any CPU = Release|Any CPU
	EndGlobalSection
	GlobalSection(ProjectConfigurationPlatforms) = postSolution
		{223D06E1-4908-B27C-1C12-981E0E1F69FD}.Debug|Any CPU.ActiveCfg = Debug|Any CPU
		{223D06E1-4908-B27C-1C12-981E0E1F69FD}.Debug|Any CPU.Build.0 = Debug|Any CPU
		{223D06E1-4908-B27C-1C12-981E0E1F69FD}.Release|Any CPU.ActiveCfg = Release|Any CPU
		{223D06E1-4908-B27C-1C12-981E0E1F69FD}.Release|Any CPU.Build.0 = Release|Any CPU
		{033616F1-DE27-A860-9450-6B2613EDFEB2}.Debug|Any CPU.ActiveCfg = Debug|Any CPU
		{033616F1-DE27-A860-9450-6B2613EDFEB2}.Debug|Any CPU.Build.0 = Debug|Any CPU
		{033616F1-DE27-A860-9450-6B2613EDFEB2}.Release|Any CPU.ActiveCfg = Release|Any CPU
		{033616F1-DE27-A860-9450-6B2613EDFEB2}.Release|Any CPU.Build.0 = Release|Any CPU
	EndGlobalSection
	GlobalSection(SolutionProperties) = preSolution
		HideSolutionNode = FALSE
	EndGlobalSection
EndGlobal
